
Microsoft Visual Studio Solution File, Format Version 12.00
# Visual Studio Version 17
VisualStudioVersion = 17.4.33213.308
MinimumVisualStudioVersion = 10.0.40219.1
Project("{9A19103F-16F7-4668-BE54-9A1E7A4F7556}") = "TienDat_DotNetCore", "TienDat_DotNetCore\TienDat_DotNetCore.csproj", "{BBFC6F17-BA65-4153-93DB-C58255A4C15A}"
EndProject
Global
	GlobalSection(SolutionConfigurationPlatforms) = preSolution
		Debug|Any CPU = Debug|Any CPU
		Release|Any CPU = Release|Any CPU
	EndGlobalSection
	GlobalSection(ProjectConfigurationPlatforms) = postSolution
		{BBFC6F17-BA65-4153-93DB-C58255A4C15A}.Debug|Any CPU.ActiveCfg = Debug|Any CPU
		{BBFC6F17-BA65-4153-93DB-C58255A4C15A}.Debug|Any CPU.Build.0 = Debug|Any CPU
		{BBFC6F17-BA65-4153-93DB-C58255A4C15A}.Release|Any CPU.ActiveCfg = Release|Any CPU
		{BBFC6F17-BA65-4153-93DB-C58255A4C15A}.Release|Any CPU.Build.0 = Release|Any CPU
	EndGlobalSection
	GlobalSection(SolutionProperties) = preSolution
		HideSolutionNode = FALSE
	EndGlobalSection
	GlobalSection(ExtensibilityGlobals) = postSolution
		SolutionGuid = {BD5364E8-197D-471C-ABB6-8D81809D2512}
	EndGlobalSection
EndGlobal
